Microsoft Visual Studio Solution File, Format Version 12.00
# Visual Studio Version 16
VisualStudioVersion = 16.0.0.0
MinimumVisualStudioVersion = 16.0.0.0
Project("{9A19103F-16F7-4668-BE54-9A1E7A4F7556}") = "devops-23-24-net-a02.Server", "src\Server\devops-23-24-net-a02.Server.csproj", "{C17BC6DB-26B1-49DE-993A-B923C8A10E2C}"
EndProject
Project("{9A19103F-16F7-4668-BE54-9A1E7A4F7556}") = "devops-23-24-net-a02.Client", "src\Client\devops-23-24-net-a02.Client.csproj", "{697CA668-05EF-402B-B98F-DBDBB6DD60CC}"
EndProject
Project("{9A19103F-16F7-4668-BE54-9A1E7A4F7556}") = "devops-23-24-net-a02.Shared", "src\Shared\devops-23-24-net-a02.Shared.csproj", "{C94DEBEF-2318-4FF4-97A4-2BC228114797}"
EndProject
Project("{2150E333-8FDC-42A3-9474-1A3956D46DE8}") = "src", "src", "{537C25A0-4C14-4CEC-98C7-57A40928429F}"
EndProject
Project("{FAE04EC0-301F-11D3-BF4B-00C04F79EFBC}") = "devops-23-24-net-a02.Domain", "src\Domain\devops-23-24-net-a02.Domain.csproj", "{25BA26DE-B1DB-4F3A-AEDA-34E98D08C6D5}"
EndProject
Project("{2150E333-8FDC-42A3-9474-1A3956D46DE8}") = "tests", "tests", "{36391C57-A736-4D7D-9B40-A00863E4ED8F}"
EndProject
Project("{FAE04EC0-301F-11D3-BF4B-00C04F79EFBC}") = "Domain.Tests", "tests\Domain.Tests\Domain.Tests.csproj", "{FC2E71A5-BCAD-4249-9D43-A4FDEE45585A}"
EndProject
Project("{FAE04EC0-301F-11D3-BF4B-00C04F79EFBC}") = "devops-23-24-net-a02.Persistence", "src\Persistence\devops-23-24-net-a02.Persistence.csproj", "{DE6625B8-81E8-45FA-AC9A-5BAF5AA12F4C}"
EndProject
Project("{FAE04EC0-301F-11D3-BF4B-00C04F79EFBC}") = "devops-23-24-net-a02.Services", "src\Services\devops-23-24-net-a02.Services.csproj", "{943778AB-5E8B-4687-A24D-244443759EF5}"
EndProject
Global
	GlobalSection(SolutionConfigurationPlatforms) = preSolution
		Debug|Any CPU = Debug|Any CPU
		Debug|x64 = Debug|x64
		Debug|x86 = Debug|x86
		Release|Any CPU = Release|Any CPU
		Release|x64 = Release|x64
		Release|x86 = Release|x86
	EndGlobalSection
	GlobalSection(ProjectConfigurationPlatforms) = postSolution
		{697CA668-05EF-402B-B98F-DBDBB6DD60CC}.Debug|Any CPU.ActiveCfg = Debug|Any CPU
		{697CA668-05EF-402B-B98F-DBDBB6DD60CC}.Debug|Any CPU.Build.0 = Debug|Any CPU
		{697CA668-05EF-402B-B98F-DBDBB6DD60CC}.Debug|x64.ActiveCfg = Debug|Any CPU
		{697CA668-05EF-402B-B98F-DBDBB6DD60CC}.Debug|x64.Build.0 = Debug|Any CPU
		{697CA668-05EF-402B-B98F-DBDBB6DD60CC}.Debug|x86.ActiveCfg = Debug|Any CPU
		{697CA668-05EF-402B-B98F-DBDBB6DD60CC}.Debug|x86.Build.0 = Debug|Any CPU
		{697CA668-05EF-402B-B98F-DBDBB6DD60CC}.Release|Any CPU.ActiveCfg = Release|Any CPU
		{697CA668-05EF-402B-B98F-DBDBB6DD60CC}.Release|Any CPU.Build.0 = Release|Any CPU
		{697CA668-05EF-402B-B98F-DBDBB6DD60CC}.Release|x64.ActiveCfg = Release|Any CPU
		{697CA668-05EF-402B-B98F-DBDBB6DD60CC}.Release|x64.Build.0 = Release|Any CPU
		{697CA668-05EF-402B-B98F-DBDBB6DD60CC}.Release|x86.ActiveCfg = Release|Any CPU
		{697CA668-05EF-402B-B98F-DBDBB6DD60CC}.Release|x86.Build.0 = Release|Any CPU
		{C17BC6DB-26B1-49DE-993A-B923C8A10E2C}.Debug|Any CPU.ActiveCfg = Debug|Any CPU
		{C17BC6DB-26B1-49DE-993A-B923C8A10E2C}.Debug|Any CPU.Build.0 = Debug|Any CPU
		{C17BC6DB-26B1-49DE-993A-B923C8A10E2C}.Debug|x64.ActiveCfg = Debug|Any CPU
		{C17BC6DB-26B1-49DE-993A-B923C8A10E2C}.Debug|x64.Build.0 = Debug|Any CPU
		{C17BC6DB-26B1-49DE-993A-B923C8A10E2C}.Debug|x86.ActiveCfg = Debug|Any CPU
		{C17BC6DB-26B1-49DE-993A-B923C8A10E2C}.Debug|x86.Build.0 = Debug|Any CPU
		{C17BC6DB-26B1-49DE-993A-B923C8A10E2C}.Release|Any CPU.ActiveCfg = Release|Any CPU
		{C17BC6DB-26B1-49DE-993A-B923C8A10E2C}.Release|Any CPU.Build.0 = Release|Any CPU
		{C17BC6DB-26B1-49DE-993A-B923C8A10E2C}.Release|x64.ActiveCfg = Release|Any CPU
		{C17BC6DB-26B1-49DE-993A-B923C8A10E2C}.Release|x64.Build.0 = Release|Any CPU
		{C17BC6DB-26B1-49DE-993A-B923C8A10E2C}.Release|x86.ActiveCfg = Release|Any CPU
		{C17BC6DB-26B1-49DE-993A-B923C8A10E2C}.Release|x86.Build.0 = Release|Any CPU
		{C94DEBEF-2318-4FF4-97A4-2BC228114797}.Debug|Any CPU.ActiveCfg = Debug|Any CPU
		{C94DEBEF-2318-4FF4-97A4-2BC228114797}.Debug|Any CPU.Build.0 = Debug|Any CPU
		{C94DEBEF-2318-4FF4-97A4-2BC228114797}.Debug|x64.ActiveCfg = Debug|Any CPU
		{C94DEBEF-2318-4FF4-97A4-2BC228114797}.Debug|x64.Build.0 = Debug|Any CPU
		{C94DEBEF-2318-4FF4-97A4-2BC228114797}.Debug|x86.ActiveCfg = Debug|Any CPU
		{C94DEBEF-2318-4FF4-97A4-2BC228114797}.Debug|x86.Build.0 = Debug|Any CPU
		{C94DEBEF-2318-4FF4-97A4-2BC228114797}.Release|Any CPU.ActiveCfg = Release|Any CPU
		{C94DEBEF-2318-4FF4-97A4-2BC228114797}.Release|Any CPU.Build.0 = Release|Any CPU
		{C94DEBEF-2318-4FF4-97A4-2BC228114797}.Release|x64.ActiveCfg = Release|Any CPU
		{C94DEBEF-2318-4FF4-97A4-2BC228114797}.Release|x64.Build.0 = Release|Any CPU
		{C94DEBEF-2318-4FF4-97A4-2BC228114797}.Release|x86.ActiveCfg = Release|Any CPU
		{C94DEBEF-2318-4FF4-97A4-2BC228114797}.Release|x86.Build.0 = Release|Any CPU
		{25BA26DE-B1DB-4F3A-AEDA-34E98D08C6D5}.Debug|Any CPU.ActiveCfg = Debug|Any CPU
		{25BA26DE-B1DB-4F3A-AEDA-34E98D08C6D5}.Debug|Any CPU.Build.0 = Debug|Any CPU
		{25BA26DE-B1DB-4F3A-AEDA-34E98D08C6D5}.Debug|x64.ActiveCfg = Debug|Any CPU
		{25BA26DE-B1DB-4F3A-AEDA-34E98D08C6D5}.Debug|x64.Build.0 = Debug|Any CPU
		{25BA26DE-B1DB-4F3A-AEDA-34E98D08C6D5}.Debug|x86.ActiveCfg = Debug|Any CPU
		{25BA26DE-B1DB-4F3A-AEDA-34E98D08C6D5}.Debug|x86.Build.0 = Debug|Any CPU
		{25BA26DE-B1DB-4F3A-AEDA-34E98D08C6D5}.Release|Any CPU.ActiveCfg = Release|Any CPU
		{25BA26DE-B1DB-4F3A-AEDA-34E98D08C6D5}.Release|Any CPU.Build.0 = Release|Any CPU
		{25BA26DE-B1DB-4F3A-AEDA-34E98D08C6D5}.Release|x64.ActiveCfg = Release|Any CPU
		{25BA26DE-B1DB-4F3A-AEDA-34E98D08C6D5}.Release|x64.Build.0 = Release|Any CPU
		{25BA26DE-B1DB-4F3A-AEDA-34E98D08C6D5}.Release|x86.ActiveCfg = Release|Any CPU
		{25BA26DE-B1DB-4F3A-AEDA-34E98D08C6D5}.Release|x86.Build.0 = Release|Any CPU
		{FC2E71A5-BCAD-4249-9D43-A4FDEE45585A}.Debug|Any CPU.ActiveCfg = Debug|Any CPU
		{FC2E71A5-BCAD-4249-9D43-A4FDEE45585A}.Debug|Any CPU.Build.0 = Debug|Any CPU
		{FC2E71A5-BCAD-4249-9D43-A4FDEE45585A}.Debug|x64.ActiveCfg = Debug|Any CPU
		{FC2E71A5-BCAD-4249-9D43-A4FDEE45585A}.Debug|x64.Build.0 = Debug|Any CPU
		{FC2E71A5-BCAD-4249-9D43-A4FDEE45585A}.Debug|x86.ActiveCfg = Debug|Any CPU
		{FC2E71A5-BCAD-4249-9D43-A4FDEE45585A}.Debug|x86.Build.0 = Debug|Any CPU
		{FC2E71A5-BCAD-4249-9D43-A4FDEE45585A}.Release|Any CPU.ActiveCfg = Release|Any CPU
		{FC2E71A5-BCAD-4249-9D43-A4FDEE45585A}.Release|Any CPU.Build.0 = Release|Any CPU
		{FC2E71A5-BCAD-4249-9D43-A4FDEE45585A}.Release|x64.ActiveCfg = Release|Any CPU
		{FC2E71A5-BCAD-4249-9D43-A4FDEE45585A}.Release|x64.Build.0 = Release|Any CPU
		{FC2E71A5-BCAD-4249-9D43-A4FDEE45585A}.Release|x86.ActiveCfg = Release|Any CPU
		{FC2E71A5-BCAD-4249-9D43-A4FDEE45585A}.Release|x86.Build.0 = Release|Any CPU
		{DE6625B8-81E8-45FA-AC9A-5BAF5AA12F4C}.Debug|Any CPU.ActiveCfg = Debug|Any CPU
		{DE6625B8-81E8-45FA-AC9A-5BAF5AA12F4C}.Debug|Any CPU.Build.0 = Debug|Any CPU
		{DE6625B8-81E8-45FA-AC9A-5BAF5AA12F4C}.Debug|x64.ActiveCfg = Debug|Any CPU
		{DE6625B8-81E8-45FA-AC9A-5BAF5AA12F4C}.Debug|x64.Build.0 = Debug|Any CPU
		{DE6625B8-81E8-45FA-AC9A-5BAF5AA12F4C}.Debug|x86.ActiveCfg = Debug|Any CPU
		{DE6625B8-81E8-45FA-AC9A-5BAF5AA12F4C}.Debug|x86.Build.0 = Debug|Any CPU
		{DE6625B8-81E8-45FA-AC9A-5BAF5AA12F4C}.Release|Any CPU.ActiveCfg = Release|Any CPU
		{DE6625B8-81E8-45FA-AC9A-5BAF5AA12F4C}.Release|Any CPU.Build.0 = Release|Any CPU
		{DE6625B8-81E8-45FA-AC9A-5BAF5AA12F4C}.Release|x64.ActiveCfg = Release|Any CPU
		{DE6625B8-81E8-45FA-AC9A-5BAF5AA12F4C}.Release|x64.Build.0 = Release|Any CPU
		{DE6625B8-81E8-45FA-AC9A-5BAF5AA12F4C}.Release|x86.ActiveCfg = Release|Any CPU
		{DE6625B8-81E8-45FA-AC9A-5BAF5AA12F4C}.Release|x86.Build.0 = Release|Any CPU
		{943778AB-5E8B-4687-A24D-244443759EF5}.Debug|Any CPU.ActiveCfg = Debug|Any CPU
		{943778AB-5E8B-4687-A24D-244443759EF5}.Debug|Any CPU.Build.0 = Debug|Any CPU
		{943778AB-5E8B-4687-A24D-244443759EF5}.Debug|x64.ActiveCfg = Debug|Any CPU
		{943778AB-5E8B-4687-A24D-244443759EF5}.Debug|x64.Build.0 = Debug|Any CPU
		{943778AB-5E8B-4687-A24D-244443759EF5}.Debug|x86.ActiveCfg = Debug|Any CPU
		{943778AB-5E8B-4687-A24D-244443759EF5}.Debug|x86.Build.0 = Debug|Any CPU
		{943778AB-5E8B-4687-A24D-244443759EF5}.Release|Any CPU.ActiveCfg = Release|Any CPU
		{943778AB-5E8B-4687-A24D-244443759EF5}.Release|Any CPU.Build.0 = Release|Any CPU
		{943778AB-5E8B-4687-A24D-244443759EF5}.Release|x64.ActiveCfg = Release|Any CPU
		{943778AB-5E8B-4687-A24D-244443759EF5}.Release|x64.Build.0 = Release|Any CPU
		{943778AB-5E8B-4687-A24D-244443759EF5}.Release|x86.ActiveCfg = Release|Any CPU
		{943778AB-5E8B-4687-A24D-244443759EF5}.Release|x86.Build.0 = Release|Any CPU
	EndGlobalSection
	GlobalSection(SolutionProperties) = preSolution
		HideSolutionNode = FALSE
	EndGlobalSection
	GlobalSection(ExtensibilityGlobals) = postSolution
		SolutionGuid = {39163192-E8D1-4C01-B668-C74C0625246C}
	EndGlobalSection
	GlobalSection(NestedProjects) = preSolution
		{697CA668-05EF-402B-B98F-DBDBB6DD60CC} = {537C25A0-4C14-4CEC-98C7-57A40928429F}
		{C17BC6DB-26B1-49DE-993A-B923C8A10E2C} = {537C25A0-4C14-4CEC-98C7-57A40928429F}
		{C94DEBEF-2318-4FF4-97A4-2BC228114797} = {537C25A0-4C14-4CEC-98C7-57A40928429F}
		{25BA26DE-B1DB-4F3A-AEDA-34E98D08C6D5} = {537C25A0-4C14-4CEC-98C7-57A40928429F}
		{FC2E71A5-BCAD-4249-9D43-A4FDEE45585A} = {36391C57-A736-4D7D-9B40-A00863E4ED8F}
		{DE6625B8-81E8-45FA-AC9A-5BAF5AA12F4C} = {537C25A0-4C14-4CEC-98C7-57A40928429F}
		{943778AB-5E8B-4687-A24D-244443759EF5} = {537C25A0-4C14-4CEC-98C7-57A40928429F}
	EndGlobalSection
EndGlobal
